
Microsoft Visual Studio Solution File, Format Version 12.00
# Visual Studio Version 17
VisualStudioVersion = 17.10.35004.147
MinimumVisualStudioVersion = 10.0.40219.1
Project("{9A19103F-16F7-4668-BE54-9A1E7A4F7556}") = "orm-mysql", "orm-mysql\orm-mysql.csproj", "{5E55BD47-7468-47D4-8D8A-282BFCF9D5AA}"
EndProject
Global
	GlobalSection(SolutionConfigurationPlatforms) = preSolution
		Debug|Any CPU = Debug|Any CPU
		Release|Any CPU = Release|Any CPU
	EndGlobalSection
	GlobalSection(ProjectConfigurationPlatforms) = postSolution
		{5E55BD47-7468-47D4-8D8A-282BFCF9D5AA}.Debug|Any CPU.ActiveCfg = Debug|Any CPU
		{5E55BD47-7468-47D4-8D8A-282BFCF9D5AA}.Debug|Any CPU.Build.0 = Debug|Any CPU
		{5E55BD47-7468-47D4-8D8A-282BFCF9D5AA}.Release|Any CPU.ActiveCfg = Release|Any CPU
		{5E55BD47-7468-47D4-8D8A-282BFCF9D5AA}.Release|Any CPU.Build.0 = Release|Any CPU
	EndGlobalSection
	GlobalSection(SolutionProperties) = preSolution
		HideSolutionNode = FALSE
	EndGlobalSection
	GlobalSection(ExtensibilityGlobals) = postSolution
		SolutionGuid = {D9F65AE6-62A3-4DD2-91D1-5DA3D115AA2E}
	EndGlobalSection
EndGlobal
